
Microsoft Visual Studio Solution File, Format Version 12.00
# Visual Studio 2012
Project("{8BC9CEB8-8B4A-11D0-8D11-00A0C91BC942}") = "PicturePuzzle2", "PicturePuzzle2\PicturePuzzle2.vcxproj", "{8186AF4E-F383-48E8-9BE3-5A1B2E0FF545}"
EndProject
Global
	GlobalSection(SolutionConfigurationPlatforms) = preSolution
		Debug|ARM = Debug|ARM
		Debug|Win32 = Debug|Win32
		Debug|x64 = Debug|x64
		Release|ARM = Release|ARM
		Release|Win32 = Release|Win32
		Release|x64 = Release|x64
	EndGlobalSection
	GlobalSection(ProjectConfigurationPlatforms) = postSolution
		{8186AF4E-F383-48E8-9BE3-5A1B2E0FF545}.Debug|ARM.ActiveCfg = Debug|ARM
		{8186AF4E-F383-48E8-9BE3-5A1B2E0FF545}.Debug|ARM.Build.0 = Debug|ARM
		{8186AF4E-F383-48E8-9BE3-5A1B2E0FF545}.Debug|Win32.ActiveCfg = Debug|Win32
		{8186AF4E-F383-48E8-9BE3-5A1B2E0FF545}.Debug|Win32.Build.0 = Debug|Win32
		{8186AF4E-F383-48E8-9BE3-5A1B2E0FF545}.Debug|x64.ActiveCfg = Debug|x64
		{8186AF4E-F383-48E8-9BE3-5A1B2E0FF545}.Debug|x64.Build.0 = Debug|x64
		{8186AF4E-F383-48E8-9BE3-5A1B2E0FF545}.Release|ARM.ActiveCfg = Release|ARM
		{8186AF4E-F383-48E8-9BE3-5A1B2E0FF545}.Release|ARM.Build.0 = Release|ARM
		{8186AF4E-F383-48E8-9BE3-5A1B2E0FF545}.Release|Win32.ActiveCfg = Release|Win32
		{8186AF4E-F383-48E8-9BE3-5A1B2E0FF545}.Release|Win32.Build.0 = Release|Win32
		{8186AF4E-F383-48E8-9BE3-5A1B2E0FF545}.Release|x64.ActiveCfg = Release|x64
		{8186AF4E-F383-48E8-9BE3-5A1B2E0FF545}.Release|x64.Build.0 = Release|x64
	EndGlobalSection
	GlobalSection(SolutionProperties) = preSolution
		HideSolutionNode = FALSE
	EndGlobalSection
EndGlobal
